
Microsoft Visual Studio Solution File, Format Version 12.00
# Visual Studio Version 17
VisualStudioVersion = 17.9.34723.18
MinimumVisualStudioVersion = 10.0.40219.1
Project("{FAE04EC0-301F-11D3-BF4B-00C04F79EFBC}") = "Exercise2", "Exercise2\Exercise2.csproj", "{84F866B9-CA66-4F76-97B3-70503F795E32}"
EndProject
Global
	GlobalSection(SolutionConfigurationPlatforms) = preSolution
		Debug|Any CPU = Debug|Any CPU
		Release|Any CPU = Release|Any CPU
	EndGlobalSection
	GlobalSection(ProjectConfigurationPlatforms) = postSolution
		{84F866B9-CA66-4F76-97B3-70503F795E32}.Debug|Any CPU.ActiveCfg = Debug|Any CPU
		{84F866B9-CA66-4F76-97B3-70503F795E32}.Debug|Any CPU.Build.0 = Debug|Any CPU
		{84F866B9-CA66-4F76-97B3-70503F795E32}.Release|Any CPU.ActiveCfg = Release|Any CPU
		{84F866B9-CA66-4F76-97B3-70503F795E32}.Release|Any CPU.Build.0 = Release|Any CPU
	EndGlobalSection
	GlobalSection(SolutionProperties) = preSolution
		HideSolutionNode = FALSE
	EndGlobalSection
	GlobalSection(ExtensibilityGlobals) = postSolution
		SolutionGuid = {8689D4F3-F8BF-4DA0-8CBC-1497CF5987A9}
	EndGlobalSection
EndGlobal
