
Microsoft Visual Studio Solution File, Format Version 12.00
# Visual Studio Version 17
VisualStudioVersion = 17.9.34723.18
MinimumVisualStudioVersion = 10.0.40219.1
Project("{FAE04EC0-301F-11D3-BF4B-00C04F79EFBC}") = "Task1", "Task1\Task1.csproj", "{06E18CB4-B67F-479F-A46E-E3FDB0BF3F8D}"
EndProject
Global
	GlobalSection(SolutionConfigurationPlatforms) = preSolution
		Debug|Any CPU = Debug|Any CPU
		Release|Any CPU = Release|Any CPU
	EndGlobalSection
	GlobalSection(ProjectConfigurationPlatforms) = postSolution
		{06E18CB4-B67F-479F-A46E-E3FDB0BF3F8D}.Debug|Any CPU.ActiveCfg = Debug|Any CPU
		{06E18CB4-B67F-479F-A46E-E3FDB0BF3F8D}.Debug|Any CPU.Build.0 = Debug|Any CPU
		{06E18CB4-B67F-479F-A46E-E3FDB0BF3F8D}.Release|Any CPU.ActiveCfg = Release|Any CPU
		{06E18CB4-B67F-479F-A46E-E3FDB0BF3F8D}.Release|Any CPU.Build.0 = Release|Any CPU
	EndGlobalSection
	GlobalSection(SolutionProperties) = preSolution
		HideSolutionNode = FALSE
	EndGlobalSection
	GlobalSection(ExtensibilityGlobals) = postSolution
		SolutionGuid = {71B97A69-A83B-4DE2-903D-3C6CE3F22DF6}
	EndGlobalSection
EndGlobal
